
Microsoft Visual Studio Solution File, Format Version 12.00
# Visual Studio Version 17
VisualStudioVersion = 17.8.34511.84
MinimumVisualStudioVersion = 10.0.40219.1
Project("{FAE04EC0-301F-11D3-BF4B-00C04F79EFBC}") = "WebApi", "WebApi\WebApi.csproj", "{27A590A8-795E-4A7F-A0E7-3A11090F1D6B}"
EndProject
Project("{FAE04EC0-301F-11D3-BF4B-00C04F79EFBC}") = "Shared", "Shared\Shared.csproj", "{001D57A0-E793-472B-88DB-0AF94CA758E9}"
EndProject
Project("{FAE04EC0-301F-11D3-BF4B-00C04F79EFBC}") = "Entities", "Entities\Entities.csproj", "{1FD1FC86-F99F-459F-BBA8-D87949146CB3}"
EndProject
Project("{FAE04EC0-301F-11D3-BF4B-00C04F79EFBC}") = "DataAccessLayer", "DataAccessLayer\DataAccessLayer.csproj", "{443470F4-66A3-469F-8352-32300453563E}"
EndProject
Project("{FAE04EC0-301F-11D3-BF4B-00C04F79EFBC}") = "BusinessLogicalLayer", "BusinessAccessLayer\BusinessLogicalLayer.csproj", "{71B8D48C-4BFA-4977-9D2B-218954B25DCB}"
EndProject
Global
	GlobalSection(SolutionConfigurationPlatforms) = preSolution
		Debug|Any CPU = Debug|Any CPU
		Release|Any CPU = Release|Any CPU
	EndGlobalSection
	GlobalSection(ProjectConfigurationPlatforms) = postSolution
		{27A590A8-795E-4A7F-A0E7-3A11090F1D6B}.Debug|Any CPU.ActiveCfg = Debug|Any CPU
		{27A590A8-795E-4A7F-A0E7-3A11090F1D6B}.Debug|Any CPU.Build.0 = Debug|Any CPU
		{27A590A8-795E-4A7F-A0E7-3A11090F1D6B}.Release|Any CPU.ActiveCfg = Release|Any CPU
		{27A590A8-795E-4A7F-A0E7-3A11090F1D6B}.Release|Any CPU.Build.0 = Release|Any CPU
		{001D57A0-E793-472B-88DB-0AF94CA758E9}.Debug|Any CPU.ActiveCfg = Debug|Any CPU
		{001D57A0-E793-472B-88DB-0AF94CA758E9}.Debug|Any CPU.Build.0 = Debug|Any CPU
		{001D57A0-E793-472B-88DB-0AF94CA758E9}.Release|Any CPU.ActiveCfg = Release|Any CPU
		{001D57A0-E793-472B-88DB-0AF94CA758E9}.Release|Any CPU.Build.0 = Release|Any CPU
		{1FD1FC86-F99F-459F-BBA8-D87949146CB3}.Debug|Any CPU.ActiveCfg = Debug|Any CPU
		{1FD1FC86-F99F-459F-BBA8-D87949146CB3}.Debug|Any CPU.Build.0 = Debug|Any CPU
		{1FD1FC86-F99F-459F-BBA8-D87949146CB3}.Release|Any CPU.ActiveCfg = Release|Any CPU
		{1FD1FC86-F99F-459F-BBA8-D87949146CB3}.Release|Any CPU.Build.0 = Release|Any CPU
		{443470F4-66A3-469F-8352-32300453563E}.Debug|Any CPU.ActiveCfg = Debug|Any CPU
		{443470F4-66A3-469F-8352-32300453563E}.Debug|Any CPU.Build.0 = Debug|Any CPU
		{443470F4-66A3-469F-8352-32300453563E}.Release|Any CPU.ActiveCfg = Release|Any CPU
		{443470F4-66A3-469F-8352-32300453563E}.Release|Any CPU.Build.0 = Release|Any CPU
		{71B8D48C-4BFA-4977-9D2B-218954B25DCB}.Debug|Any CPU.ActiveCfg = Debug|Any CPU
		{71B8D48C-4BFA-4977-9D2B-218954B25DCB}.Debug|Any CPU.Build.0 = Debug|Any CPU
		{71B8D48C-4BFA-4977-9D2B-218954B25DCB}.Release|Any CPU.ActiveCfg = Release|Any CPU
		{71B8D48C-4BFA-4977-9D2B-218954B25DCB}.Release|Any CPU.Build.0 = Release|Any CPU
	EndGlobalSection
	GlobalSection(SolutionProperties) = preSolution
		HideSolutionNode = FALSE
	EndGlobalSection
	GlobalSection(ExtensibilityGlobals) = postSolution
		SolutionGuid = {BDB74D38-9D10-4ACA-81DD-299344FECAD3}
	EndGlobalSection
EndGlobal
